
Microsoft Visual Studio Solution File, Format Version 12.00
# Visual Studio 15
VisualStudioVersion = 15.0.28307.757
MinimumVisualStudioVersion = 10.0.40219.1
Project("{9A19103F-16F7-4668-BE54-9A1E7A4F7556}") = "BarnehageAdministrasjon.Web.API", "BarnehageAdministrasjon.Web.API\BarnehageAdministrasjon.Web.API.csproj", "{96CC3979-C160-4282-89D0-F45DB750DD4D}"
EndProject
Project("{9A19103F-16F7-4668-BE54-9A1E7A4F7556}") = "BarnehageAdministrasjon.Models", "BarnehageAdministrasjon.Models\BarnehageAdministrasjon.Models.csproj", "{38A4994F-9B6E-4FB4-8B6B-FA0C2A68EE87}"
EndProject
Project("{9A19103F-16F7-4668-BE54-9A1E7A4F7556}") = "BarnehageAdministrasjon.Services", "BarnehageAdministrasjon.Services\BarnehageAdministrasjon.Services.csproj", "{4D69C98D-5ED1-4726-A1C1-CA3E24B373FC}"
EndProject
Project("{9A19103F-16F7-4668-BE54-9A1E7A4F7556}") = "BarnehageAdministrasjon.Commons", "BarnehageAdministrasjon.Commons\BarnehageAdministrasjon.Commons.csproj", "{40B0C822-80EE-4079-9969-3AC4FEC6B7E9}"
EndProject
Project("{9A19103F-16F7-4668-BE54-9A1E7A4F7556}") = "BarnehageAdministrasjon.Interfaces", "BarnehageAdministrasjon.Interfaces\BarnehageAdministrasjon.Interfaces.csproj", "{8DA2D624-518F-460B-A8F6-32C3624D3380}"
EndProject
Project("{9A19103F-16F7-4668-BE54-9A1E7A4F7556}") = "BarnehageAdministrasjon.ViewModels", "BarnehageAdministrasjon.ViewModels\BarnehageAdministrasjon.ViewModels.csproj", "{1E5811D9-45E8-40FA-98CE-C49F36BFCC1A}"
EndProject
Project("{9A19103F-16F7-4668-BE54-9A1E7A4F7556}") = "BarnehageAdministrasjon", "BarnehageAdministrasjon\BarnehageAdministrasjon.csproj", "{CC23BA69-829F-4EF5-82B5-07AF09CA6463}"
EndProject
Global
	GlobalSection(SolutionConfigurationPlatforms) = preSolution
		Debug|Any CPU = Debug|Any CPU
		Release|Any CPU = Release|Any CPU
	EndGlobalSection
	GlobalSection(ProjectConfigurationPlatforms) = postSolution
		{96CC3979-C160-4282-89D0-F45DB750DD4D}.Debug|Any CPU.ActiveCfg = Debug|Any CPU
		{96CC3979-C160-4282-89D0-F45DB750DD4D}.Debug|Any CPU.Build.0 = Debug|Any CPU
		{96CC3979-C160-4282-89D0-F45DB750DD4D}.Release|Any CPU.ActiveCfg = Release|Any CPU
		{96CC3979-C160-4282-89D0-F45DB750DD4D}.Release|Any CPU.Build.0 = Release|Any CPU
		{38A4994F-9B6E-4FB4-8B6B-FA0C2A68EE87}.Debug|Any CPU.ActiveCfg = Debug|Any CPU
		{38A4994F-9B6E-4FB4-8B6B-FA0C2A68EE87}.Debug|Any CPU.Build.0 = Debug|Any CPU
		{38A4994F-9B6E-4FB4-8B6B-FA0C2A68EE87}.Release|Any CPU.ActiveCfg = Release|Any CPU
		{38A4994F-9B6E-4FB4-8B6B-FA0C2A68EE87}.Release|Any CPU.Build.0 = Release|Any CPU
		{4D69C98D-5ED1-4726-A1C1-CA3E24B373FC}.Debug|Any CPU.ActiveCfg = Debug|Any CPU
		{4D69C98D-5ED1-4726-A1C1-CA3E24B373FC}.Debug|Any CPU.Build.0 = Debug|Any CPU
		{4D69C98D-5ED1-4726-A1C1-CA3E24B373FC}.Release|Any CPU.ActiveCfg = Release|Any CPU
		{4D69C98D-5ED1-4726-A1C1-CA3E24B373FC}.Release|Any CPU.Build.0 = Release|Any CPU
		{40B0C822-80EE-4079-9969-3AC4FEC6B7E9}.Debug|Any CPU.ActiveCfg = Debug|Any CPU
		{40B0C822-80EE-4079-9969-3AC4FEC6B7E9}.Debug|Any CPU.Build.0 = Debug|Any CPU
		{40B0C822-80EE-4079-9969-3AC4FEC6B7E9}.Release|Any CPU.ActiveCfg = Release|Any CPU
		{40B0C822-80EE-4079-9969-3AC4FEC6B7E9}.Release|Any CPU.Build.0 = Release|Any CPU
		{8DA2D624-518F-460B-A8F6-32C3624D3380}.Debug|Any CPU.ActiveCfg = Debug|Any CPU
		{8DA2D624-518F-460B-A8F6-32C3624D3380}.Debug|Any CPU.Build.0 = Debug|Any CPU
		{8DA2D624-518F-460B-A8F6-32C3624D3380}.Release|Any CPU.ActiveCfg = Release|Any CPU
		{8DA2D624-518F-460B-A8F6-32C3624D3380}.Release|Any CPU.Build.0 = Release|Any CPU
		{1E5811D9-45E8-40FA-98CE-C49F36BFCC1A}.Debug|Any CPU.ActiveCfg = Debug|Any CPU
		{1E5811D9-45E8-40FA-98CE-C49F36BFCC1A}.Debug|Any CPU.Build.0 = Debug|Any CPU
		{1E5811D9-45E8-40FA-98CE-C49F36BFCC1A}.Release|Any CPU.ActiveCfg = Release|Any CPU
		{1E5811D9-45E8-40FA-98CE-C49F36BFCC1A}.Release|Any CPU.Build.0 = Release|Any CPU
		{CC23BA69-829F-4EF5-82B5-07AF09CA6463}.Debug|Any CPU.ActiveCfg = Debug|Any CPU
		{CC23BA69-829F-4EF5-82B5-07AF09CA6463}.Debug|Any CPU.Build.0 = Debug|Any CPU
		{CC23BA69-829F-4EF5-82B5-07AF09CA6463}.Release|Any CPU.ActiveCfg = Release|Any CPU
		{CC23BA69-829F-4EF5-82B5-07AF09CA6463}.Release|Any CPU.Build.0 = Release|Any CPU
	EndGlobalSection
	GlobalSection(SolutionProperties) = preSolution
		HideSolutionNode = FALSE
	EndGlobalSection
	GlobalSection(ExtensibilityGlobals) = postSolution
		SolutionGuid = {DC6DAEEB-C559-4E43-BC2D-39509E1DC72C}
	EndGlobalSection
EndGlobal
